
Microsoft Visual Studio Solution File, Format Version 12.00
# Visual Studio Version 17
VisualStudioVersion = 17.0.31903.59
MinimumVisualStudioVersion = 10.0.40219.1
Project("{2150E333-8FDC-42A3-9474-1A3956D46DE8}") = "src", "src", "{827E0CD3-B72D-47B6-A68D-7590B98EB39B}"
EndProject
Project("{FAE04EC0-301F-11D3-BF4B-00C04F79EFBC}") = "MyTurnMod.Core", "src\MyTurnMod.Core\MyTurnMod.Core.csproj", "{CF525121-8DB4-43A8-B63B-684988F24352}"
EndProject
Project("{FAE04EC0-301F-11D3-BF4B-00C04F79EFBC}") = "MyTurnMod", "src\MyTurnMod\MyTurnMod.csproj", "{CD4DF6D3-22A2-414C-92A9-27C0841910EB}"
EndProject
Project("{FAE04EC0-301F-11D3-BF4B-00C04F79EFBC}") = "MyTurnMod.Tests", "tests\MyTurnMod.Tests\MyTurnMod.Tests.csproj", "{F12298F0-1C90-413E-91EF-05FC33C03774}"
EndProject
Global
	GlobalSection(SolutionConfigurationPlatforms) = preSolution
		Debug|Any CPU = Debug|Any CPU
		Debug|x64 = Debug|x64
		Debug|x86 = Debug|x86
		Release|Any CPU = Release|Any CPU
		Release|x64 = Release|x64
		Release|x86 = Release|x86
	EndGlobalSection
	GlobalSection(ProjectConfigurationPlatforms) = postSolution
		{CF525121-8DB4-43A8-B63B-684988F24352}.Debug|Any CPU.ActiveCfg = Debug|Any CPU
		{CF525121-8DB4-43A8-B63B-684988F24352}.Debug|Any CPU.Build.0 = Debug|Any CPU
		{CF525121-8DB4-43A8-B63B-684988F24352}.Debug|x64.ActiveCfg = Debug|Any CPU
		{CF525121-8DB4-43A8-B63B-684988F24352}.Debug|x64.Build.0 = Debug|Any CPU
		{CF525121-8DB4-43A8-B63B-684988F24352}.Debug|x86.ActiveCfg = Debug|Any CPU
		{CF525121-8DB4-43A8-B63B-684988F24352}.Debug|x86.Build.0 = Debug|Any CPU
		{CF525121-8DB4-43A8-B63B-684988F24352}.Release|Any CPU.ActiveCfg = Release|Any CPU
		{CF525121-8DB4-43A8-B63B-684988F24352}.Release|Any CPU.Build.0 = Release|Any CPU
		{CF525121-8DB4-43A8-B63B-684988F24352}.Release|x64.ActiveCfg = Release|Any CPU
		{CF525121-8DB4-43A8-B63B-684988F24352}.Release|x64.Build.0 = Release|Any CPU
		{CF525121-8DB4-43A8-B63B-684988F24352}.Release|x86.ActiveCfg = Release|Any CPU
		{CF525121-8DB4-43A8-B63B-684988F24352}.Release|x86.Build.0 = Release|Any CPU
		{CD4DF6D3-22A2-414C-92A9-27C0841910EB}.Debug|Any CPU.ActiveCfg = Debug|Any CPU
		{CD4DF6D3-22A2-414C-92A9-27C0841910EB}.Debug|Any CPU.Build.0 = Debug|Any CPU
		{CD4DF6D3-22A2-414C-92A9-27C0841910EB}.Debug|x64.ActiveCfg = Debug|Any CPU
		{CD4DF6D3-22A2-414C-92A9-27C0841910EB}.Debug|x64.Build.0 = Debug|Any CPU
		{CD4DF6D3-22A2-414C-92A9-27C0841910EB}.Debug|x86.ActiveCfg = Debug|Any CPU
		{CD4DF6D3-22A2-414C-92A9-27C0841910EB}.Debug|x86.Build.0 = Debug|Any CPU
		{CD4DF6D3-22A2-414C-92A9-27C0841910EB}.Release|Any CPU.ActiveCfg = Release|Any CPU
		{CD4DF6D3-22A2-414C-92A9-27C0841910EB}.Release|Any CPU.Build.0 = Release|Any CPU
		{CD4DF6D3-22A2-414C-92A9-27C0841910EB}.Release|x64.ActiveCfg = Release|Any CPU
		{CD4DF6D3-22A2-414C-92A9-27C0841910EB}.Release|x64.Build.0 = Release|Any CPU
		{CD4DF6D3-22A2-414C-92A9-27C0841910EB}.Release|x86.ActiveCfg = Release|Any CPU
		{CD4DF6D3-22A2-414C-92A9-27C0841910EB}.Release|x86.Build.0 = Release|Any CPU
		{F12298F0-1C90-413E-91EF-05FC33C03774}.Debug|Any CPU.ActiveCfg = Debug|Any CPU
		{F12298F0-1C90-413E-91EF-05FC33C03774}.Debug|Any CPU.Build.0 = Debug|Any CPU
		{F12298F0-1C90-413E-91EF-05FC33C03774}.Debug|x64.ActiveCfg = Debug|Any CPU
		{F12298F0-1C90-413E-91EF-05FC33C03774}.Debug|x64.Build.0 = Debug|Any CPU
		{F12298F0-1C90-413E-91EF-05FC33C03774}.Debug|x86.ActiveCfg = Debug|Any CPU
		{F12298F0-1C90-413E-91EF-05FC33C03774}.Debug|x86.Build.0 = Debug|Any CPU
		{F12298F0-1C90-413E-91EF-05FC33C03774}.Release|Any CPU.ActiveCfg = Release|Any CPU
		{F12298F0-1C90-413E-91EF-05FC33C03774}.Release|Any CPU.Build.0 = Release|Any CPU
		{F12298F0-1C90-413E-91EF-05FC33C03774}.Release|x64.ActiveCfg = Release|Any CPU
		{F12298F0-1C90-413E-91EF-05FC33C03774}.Release|x64.Build.0 = Release|Any CPU
		{F12298F0-1C90-413E-91EF-05FC33C03774}.Release|x86.ActiveCfg = Release|Any CPU
		{F12298F0-1C90-413E-91EF-05FC33C03774}.Release|x86.Build.0 = Release|Any CPU
	EndGlobalSection
	GlobalSection(SolutionProperties) = preSolution
		HideSolutionNode = FALSE
	EndGlobalSection
	GlobalSection(NestedProjects) = preSolution
		{CF525121-8DB4-43A8-B63B-684988F24352} = {827E0CD3-B72D-47B6-A68D-7590B98EB39B}
		{CD4DF6D3-22A2-414C-92A9-27C0841910EB} = {827E0CD3-B72D-47B6-A68D-7590B98EB39B}
		{F12298F0-1C90-413E-91EF-05FC33C03774} = {827E0CD3-B72D-47B6-A68D-7590B98EB39B}
	EndGlobalSection
EndGlobal
