
Microsoft Visual Studio Solution File, Format Version 12.00
# Visual Studio Version 17
VisualStudioVersion = 17.7.34221.43
MinimumVisualStudioVersion = 10.0.40219.1
Project("{FAE04EC0-301F-11D3-BF4B-00C04F79EFBC}") = "MyTurnMod", "MyTurnMod\MyTurnMod.csproj", "{f2e6ad78-8072-47fa-924f-d625fcfbdf09}"
EndProject
Project("{FAE04EC0-301F-11D3-BF4B-00C04F79EFBC}") = "MyTurnMod.Tests", "tests\MyTurnMod.Tests\MyTurnMod.Tests.csproj", "{F12298F0-1C90-413E-91EF-05FC33C03774}"
EndProject
Global
	GlobalSection(SolutionConfigurationPlatforms) = preSolution
		Debug|Any CPU = Debug|Any CPU
		Release|Any CPU = Release|Any CPU
	EndGlobalSection
	GlobalSection(ProjectConfigurationPlatforms) = postSolution
		{f2e6ad78-8072-47fa-924f-d625fcfbdf09}.Debug|Any CPU.ActiveCfg = Debug|Any CPU
		{f2e6ad78-8072-47fa-924f-d625fcfbdf09}.Debug|Any CPU.Build.0 = Debug|Any CPU
		{f2e6ad78-8072-47fa-924f-d625fcfbdf09}.Release|Any CPU.ActiveCfg = Release|Any CPU
		{f2e6ad78-8072-47fa-924f-d625fcfbdf09}.Release|Any CPU.Build.0 = Release|Any CPU
		{F12298F0-1C90-413E-91EF-05FC33C03774}.Debug|Any CPU.ActiveCfg = Debug|Any CPU
		{F12298F0-1C90-413E-91EF-05FC33C03774}.Debug|Any CPU.Build.0 = Debug|Any CPU
		{F12298F0-1C90-413E-91EF-05FC33C03774}.Release|Any CPU.ActiveCfg = Release|Any CPU
		{F12298F0-1C90-413E-91EF-05FC33C03774}.Release|Any CPU.Build.0 = Release|Any CPU
	EndGlobalSection
	GlobalSection(SolutionProperties) = preSolution
		HideSolutionNode = FALSE
	EndGlobalSection
	GlobalSection(ExtensibilityGlobals) = preSolution
		SolutionGuid = {B703C495-6B56-47C3-92D6-719495024469}
	EndGlobalSection
EndGlobal
